// !$*UTF8*$!
{
	archiveVersion = 1;
	classes = {
	};
	objectVersion = 56;
	objects = {

/* Begin PBXBuildFile section */
		E2D2FF372C17828000B8BDCB /* AppDelegate.swift in Sources */ = {isa = PBXBuildFile; fileRef = E2D2FF362C17828000B8BDCB /* AppDelegate.swift */; };
		E2D2FF392C17828000B8BDCB /* SceneDelegate.swift in Sources */ = {isa = PBXBuildFile; fileRef = E2D2FF382C17828000B8BDCB /* SceneDelegate.swift */; };
		E2D2FF3B2C17828000B8BDCB /* ViewController.swift in Sources */ = {isa = PBXBuildFile; fileRef = E2D2FF3A2C17828000B8BDCB /* ViewController.swift */; };
		E2D2FF402C17828300B8BDCB /* Assets.xcassets in Resources */ = {isa = PBXBuildFile; fileRef = E2D2FF3F2C17828300B8BDCB /* Assets.xcassets */; };
		E2D2FF432C17828300B8BDCB /* LaunchScreen.storyboard in Resources */ = {isa = PBXBuildFile; fileRef = E2D2FF412C17828300B8BDCB /* LaunchScreen.storyboard */; };
		E2D2FF4F2C17830D00B8BDCB /* CalculatorModel.swift in Sources */ = {isa = PBXBuildFile; fileRef = E2D2FF4E2C17830D00B8BDCB /* CalculatorModel.swift */; };
		E2D2FF512C17832A00B8BDCB /* CalculatorViewModel.swift in Sources */ = {isa = PBXBuildFile; fileRef = E2D2FF502C17832A00B8BDCB /* CalculatorViewModel.swift */; };
		E2D2FF532C17834C00B8BDCB /* CalculatorView.swift in Sources */ = {isa = PBXBuildFile; fileRef = E2D2FF522C17834C00B8BDCB /* CalculatorView.swift */; };
		E2D2FF552C17836A00B8BDCB /* CalculatorViewController.swift in Sources */ = {isa = PBXBuildFile; fileRef = E2D2FF542C17836A00B8BDCB /* CalculatorViewController.swift */; };
/* End PBXBuildFile section */

/* Begin PBXFileReference section */
		E2D2FF332C17828000B8BDCB /* Neobis_iOS_Calculating.app */ = {isa = PBXFileReference; explicitFileType = wrapper.application; includeInIndex = 0; path = Neobis_iOS_Calculating.app; sourceTree = BUILT_PRODUCTS_DIR; };
		E2D2FF362C17828000B8BDCB /* AppDelegate.swift */ = {isa = PBXFileReference; lastKnownFileType = sourcecode.swift; path = AppDelegate.swift; sourceTree = "<group>"; };
		E2D2FF382C17828000B8BDCB /* SceneDelegate.swift */ = {isa = PBXFileReference; lastKnownFileType = sourcecode.swift; path = SceneDelegate.swift; sourceTree = "<group>"; };
		E2D2FF3A2C17828000B8BDCB /* ViewController.swift */ = {isa = PBXFileReference; lastKnownFileType = sourcecode.swift; path = ViewController.swift; sourceTree = "<group>"; };
		E2D2FF3F2C17828300B8BDCB /* Assets.xcassets */ = {isa = PBXFileReference; lastKnownFileType = folder.assetcatalog; path = Assets.xcassets; sourceTree = "<group>"; };
		E2D2FF422C17828300B8BDCB /* Base */ = {isa = PBXFileReference; lastKnownFileType = file.storyboard; name = Base; path = Base.lproj/LaunchScreen.storyboard; sourceTree = "<group>"; };
		E2D2FF442C17828300B8BDCB /* Info.plist */ = {isa = PBXFileReference; lastKnownFileType = text.plist.xml; path = Info.plist; sourceTree = "<group>"; };
		E2D2FF4E2C17830D00B8BDCB /* CalculatorModel.swift */ = {isa = PBXFileReference; lastKnownFileType = sourcecode.swift; path = CalculatorModel.swift; sourceTree = "<group>"; };
		E2D2FF502C17832A00B8BDCB /* CalculatorViewModel.swift */ = {isa = PBXFileReference; lastKnownFileType = sourcecode.swift; path = CalculatorViewModel.swift; sourceTree = "<group>"; };
		E2D2FF522C17834C00B8BDCB /* CalculatorView.swift */ = {isa = PBXFileReference; lastKnownFileType = sourcecode.swift; path = CalculatorView.swift; sourceTree = "<group>"; };
		E2D2FF542C17836A00B8BDCB /* CalculatorViewController.swift */ = {isa = PBXFileReference; lastKnownFileType = sourcecode.swift; path = CalculatorViewController.swift; sourceTree = "<group>"; };
/* End PBXFileReference section */

/* Begin PBXFrameworksBuildPhase section */
		E2D2FF302C17828000B8BDCB /* Frameworks */ = {
			isa = PBXFrameworksBuildPhase;
			buildActionMask = 2147483647;
			files = (
			);
			runOnlyForDeploymentPostprocessing = 0;
		};
/* End PBXFrameworksBuildPhase section */

/* Begin PBXGroup section */
		E2D2FF2A2C17828000B8BDCB = {
			isa = PBXGroup;
			children = (
				E2D2FF352C17828000B8BDCB /* Neobis_iOS_Calculating */,
				E2D2FF342C17828000B8BDCB /* Products */,
			);
			sourceTree = "<group>";
		};
		E2D2FF342C17828000B8BDCB /* Products */ = {
			isa = PBXGroup;
			children = (
				E2D2FF332C17828000B8BDCB /* Neobis_iOS_Calculating.app */,
			);
			name = Products;
			sourceTree = "<group>";
		};
		E2D2FF352C17828000B8BDCB /* Neobis_iOS_Calculating */ = {
			isa = PBXGroup;
			children = (
				E2D2FF4D2C1782C100B8BDCB /* ViewModel */,
				E2D2FF4C2C1782BD00B8BDCB /* View */,
				E2D2FF4B2C1782B400B8BDCB /* Model */,
				E2D2FF362C17828000B8BDCB /* AppDelegate.swift */,
				E2D2FF382C17828000B8BDCB /* SceneDelegate.swift */,
				E2D2FF3A2C17828000B8BDCB /* ViewController.swift */,
				E2D2FF3F2C17828300B8BDCB /* Assets.xcassets */,
				E2D2FF412C17828300B8BDCB /* LaunchScreen.storyboard */,
				E2D2FF442C17828300B8BDCB /* Info.plist */,
				E2D2FF542C17836A00B8BDCB /* CalculatorViewController.swift */,
			);
			path = Neobis_iOS_Calculating;
			sourceTree = "<group>";
		};
		E2D2FF4B2C1782B400B8BDCB /* Model */ = {
			isa = PBXGroup;
			children = (
				E2D2FF4E2C17830D00B8BDCB /* CalculatorModel.swift */,
			);
			path = Model;
			sourceTree = "<group>";
		};
		E2D2FF4C2C1782BD00B8BDCB /* View */ = {
			isa = PBXGroup;
			children = (
				E2D2FF522C17834C00B8BDCB /* CalculatorView.swift */,
			);
			path = View;
			sourceTree = "<group>";
		};
		E2D2FF4D2C1782C100B8BDCB /* ViewModel */ = {
			isa = PBXGroup;
			children = (
				E2D2FF502C17832A00B8BDCB /* CalculatorViewModel.swift */,
			);
			path = ViewModel;
			sourceTree = "<group>";
		};
/* End PBXGroup section */

/* Begin PBXNativeTarget section */
		E2D2FF322C17828000B8BDCB /* Neobis_iOS_Calculating */ = {
			isa = PBXNativeTarget;
			buildConfigurationList = E2D2FF472C17828300B8BDCB /* Build configuration list for PBXNativeTarget "Neobis_iOS_Calculating" */;
			buildPhases = (
				E2D2FF2F2C17828000B8BDCB /* Sources */,
				E2D2FF302C17828000B8BDCB /* Frameworks */,
				E2D2FF312C17828000B8BDCB /* Resources */,
			);
			buildRules = (
			);
			dependencies = (
			);
			name = Neobis_iOS_Calculating;
			productName = Neobis_iOS_Calculating;
			productReference = E2D2FF332C17828000B8BDCB /* Neobis_iOS_Calculating.app */;
			productType = "com.apple.product-type.application";
		};
/* End PBXNativeTarget section */

/* Begin PBXProject section */
		E2D2FF2B2C17828000B8BDCB /* Project object */ = {
			isa = PBXProject;
			attributes = {
				BuildIndependentTargetsInParallel = 1;
				LastSwiftUpdateCheck = 1520;
				LastUpgradeCheck = 1520;
				TargetAttributes = {
					E2D2FF322C17828000B8BDCB = {
						CreatedOnToolsVersion = 15.2;
					};
				};
			};
			buildConfigurationList = E2D2FF2E2C17828000B8BDCB /* Build configuration list for PBXProject "Neobis_iOS_Calculating" */;
			compatibilityVersion = "Xcode 14.0";
			developmentRegion = en;
			hasScannedForEncodings = 0;
			knownRegions = (
				en,
				Base,
			);
			mainGroup = E2D2FF2A2C17828000B8BDCB;
			productRefGroup = E2D2FF342C17828000B8BDCB /* Products */;
			projectDirPath = "";
			projectRoot = "";
			targets = (
				E2D2FF322C17828000B8BDCB /* Neobis_iOS_Calculating */,
			);
		};
/* End PBXProject section */

/* Begin PBXResourcesBuildPhase section */
		E2D2FF312C17828000B8BDCB /* Resources */ = {
			isa = PBXResourcesBuildPhase;
			buildActionMask = 2147483647;
			files = (
				E2D2FF432C17828300B8BDCB /* LaunchScreen.storyboard in Resources */,
				E2D2FF402C17828300B8BDCB /* Assets.xcassets in Resources */,
			);
			runOnlyForDeploymentPostprocessing = 0;
		};
/* End PBXResourcesBuildPhase section */

/* Begin PBXSourcesBuildPhase section */
		E2D2FF2F2C17828000B8BDCB /* Sources */ = {
			isa = PBXSourcesBuildPhase;
			buildActionMask = 2147483647;
			files = (
				E2D2FF3B2C17828000B8BDCB /* ViewController.swift in Sources */,
				E2D2FF372C17828000B8BDCB /* AppDelegate.swift in Sources */,
				E2D2FF392C17828000B8BDCB /* SceneDelegate.swift in Sources */,
				E2D2FF4F2C17830D00B8BDCB /* CalculatorModel.swift in Sources */,
				E2D2FF532C17834C00B8BDCB /* CalculatorView.swift in Sources */,
				E2D2FF552C17836A00B8BDCB /* CalculatorViewController.swift in Sources */,
				E2D2FF512C17832A00B8BDCB /* CalculatorViewModel.swift in Sources */,
			);
			runOnlyForDeploymentPostprocessing = 0;
		};
/* End PBXSourcesBuildPhase section */

/* Begin PBXVariantGroup section */
		E2D2FF412C17828300B8BDCB /* LaunchScreen.storyboard */ = {
			isa = PBXVariantGroup;
			children = (
				E2D2FF422C17828300B8BDCB /* Base */,
			);
			name = LaunchScreen.storyboard;
			sourceTree = "<group>";
		};
/* End PBXVariantGroup section */

/* Begin XCBuildConfiguration section */
		E2D2FF452C17828300B8BDCB /* Debug */ = {
			isa = XCBuildConfiguration;
			buildSettings = {
				ALWAYS_SEARCH_USER_PATHS = NO;
				ASSETCATALOG_COMPILER_GENERATE_SWIFT_ASSET_SYMBOL_EXTENSIONS = YES;
				CLANG_ANALYZER_NONNULL = YES;
				CLANG_ANALYZER_NUMBER_OBJECT_CONVERSION = YES_AGGRESSIVE;
				CLANG_CXX_LANGUAGE_STANDARD = "gnu++20";
				CLANG_ENABLE_MODULES = YES;
				CLANG_ENABLE_OBJC_ARC = YES;
				CLANG_ENABLE_OBJC_WEAK = YES;
				CLANG_WARN_BLOCK_CAPTURE_AUTORELEASING = YES;
				CLANG_WARN_BOOL_CONVERSION = YES;
				CLANG_WARN_COMMA = YES;
				CLANG_WARN_CONSTANT_CONVERSION = YES;
				CLANG_WARN_DEPRECATED_OBJC_IMPLEMENTATIONS = YES;
				CLANG_WARN_DIRECT_OBJC_ISA_USAGE = YES_ERROR;
				CLANG_WARN_DOCUMENTATION_COMMENTS = YES;
				CLANG_WARN_EMPTY_BODY = YES;
				CLANG_WARN_ENUM_CONVERSION = YES;
				CLANG_WARN_INFINITE_RECURSION = YES;
				CLANG_WARN_INT_CONVERSION = YES;
				CLANG_WARN_NON_LITERAL_NULL_CONVERSION = YES;
				CLANG_WARN_OBJC_IMPLICIT_RETAIN_SELF = YES;
				CLANG_WARN_OBJC_LITERAL_CONVERSION = YES;
				CLANG_WARN_OBJC_ROOT_CLASS = YES_ERROR;
				CLANG_WARN_QUOTED_INCLUDE_IN_FRAMEWORK_HEADER = YES;
				CLANG_WARN_RANGE_LOOP_ANALYSIS = YES;
				CLANG_WARN_STRICT_PROTOTYPES = YES;
				CLANG_WARN_SUSPICIOUS_MOVE = YES;
				CLANG_WARN_UNGUARDED_AVAILABILITY = YES_AGGRESSIVE;
				CLANG_WARN_UNREACHABLE_CODE = YES;
				CLANG_WARN__DUPLICATE_METHOD_MATCH = YES;
				COPY_PHASE_STRIP = NO;
				DEBUG_INFORMATION_FORMAT = dwarf;
				ENABLE_STRICT_OBJC_MSGSEND = YES;
				ENABLE_TESTABILITY = YES;
				ENABLE_USER_SCRIPT_SANDBOXING = YES;
				GCC_C_LANGUAGE_STANDARD = gnu17;
				GCC_DYNAMIC_NO_PIC = NO;
				GCC_NO_COMMON_BLOCKS = YES;
				GCC_OPTIMIZATION_LEVEL = 0;
				GCC_PREPROCESSOR_DEFINITIONS = (
					"DEBUG=1",
					"$(inherited)",
				);
				GCC_WARN_64_TO_32_BIT_CONVERSION = YES;
				GCC_WARN_ABOUT_RETURN_TYPE = YES_ERROR;
				GCC_WARN_UNDECLARED_SELECTOR = YES;
				GCC_WARN_UNINITIALIZED_AUTOS = YES_AGGRESSIVE;
				GCC_WARN_UNUSED_FUNCTION = YES;
				GCC_WARN_UNUSED_VARIABLE = YES;
				IPHONEOS_DEPLOYMENT_TARGET = 17.2;
				LOCALIZATION_PREFERS_STRING_CATALOGS = YES;
				MTL_ENABLE_DEBUG_INFO = INCLUDE_SOURCE;
				MTL_FAST_MATH = YES;
				ONLY_ACTIVE_ARCH = YES;
				SDKROOT = iphoneos;
				SWIFT_ACTIVE_COMPILATION_CONDITIONS = "DEBUG $(inherited)";
				SWIFT_OPTIMIZATION_LEVEL = "-Onone";
			};
			name = Debug;
		};
		E2D2FF462C17828300B8BDCB /* Release */ = {
			isa = XCBuildConfiguration;
			buildSettings = {
				ALWAYS_SEARCH_USER_PATHS = NO;
				ASSETCATALOG_COMPILER_GENERATE_SWIFT_ASSET_SYMBOL_EXTENSIONS = YES;
				CLANG_ANALYZER_NONNULL = YES;
				CLANG_ANALYZER_NUMBER_OBJECT_CONVERSION = YES_AGGRESSIVE;
				CLANG_CXX_LANGUAGE_STANDARD = "gnu++20";
				CLANG_ENABLE_MODULES = YES;
				CLANG_ENABLE_OBJC_ARC = YES;
				CLANG_ENABLE_OBJC_WEAK = YES;
				CLANG_WARN_BLOCK_CAPTURE_AUTORELEASING = YES;
				CLANG_WARN_BOOL_CONVERSION = YES;
				CLANG_WARN_COMMA = YES;
				CLANG_WARN_CONSTANT_CONVERSION = YES;
				CLANG_WARN_DEPRECATED_OBJC_IMPLEMENTATIONS = YES;
				CLANG_WARN_DIRECT_OBJC_ISA_USAGE = YES_ERROR;
				CLANG_WARN_DOCUMENTATION_COMMENTS = YES;
				CLANG_WARN_EMPTY_BODY = YES;
				CLANG_WARN_ENUM_CONVERSION = YES;
				CLANG_WARN_INFINITE_RECURSION = YES;
				CLANG_WARN_INT_CONVERSION = YES;
				CLANG_WARN_NON_LITERAL_NULL_CONVERSION = YES;
				CLANG_WARN_OBJC_IMPLICIT_RETAIN_SELF = YES;
				CLANG_WARN_OBJC_LITERAL_CONVERSION = YES;
				CLANG_WARN_OBJC_ROOT_CLASS = YES_ERROR;
				CLANG_WARN_QUOTED_INCLUDE_IN_FRAMEWORK_HEADER = YES;
				CLANG_WARN_RANGE_LOOP_ANALYSIS = YES;
				CLANG_WARN_STRICT_PROTOTYPES = YES;
				CLANG_WARN_SUSPICIOUS_MOVE = YES;
				CLANG_WARN_UNGUARDED_AVAILABILITY = YES_AGGRESSIVE;
				CLANG_WARN_UNREACHABLE_CODE = YES;
				CLANG_WARN__DUPLICATE_METHOD_MATCH = YES;
				COPY_PHASE_STRIP = NO;
				DEBUG_INFORMATION_FORMAT = "dwarf-with-dsym";
				ENABLE_NS_ASSERTIONS = NO;
				ENABLE_STRICT_OBJC_MSGSEND = YES;
				ENABLE_USER_SCRIPT_SANDBOXING = YES;
				GCC_C_LANGUAGE_STANDARD = gnu17;
				GCC_NO_COMMON_BLOCKS = YES;
				GCC_WARN_64_TO_32_BIT_CONVERSION = YES;
				GCC_WARN_ABOUT_RETURN_TYPE = YES_ERROR;
				GCC_WARN_UNDECLARED_SELECTOR = YES;
				GCC_WARN_UNINITIALIZED_AUTOS = YES_AGGRESSIVE;
				GCC_WARN_UNUSED_FUNCTION = YES;
				GCC_WARN_UNUSED_VARIABLE = YES;
				IPHONEOS_DEPLOYMENT_TARGET = 17.2;
				LOCALIZATION_PREFERS_STRING_CATALOGS = YES;
				MTL_ENABLE_DEBUG_INFO = NO;
				MTL_FAST_MATH = YES;
				SDKROOT = iphoneos;
				SWIFT_COMPILATION_MODE = wholemodule;
				VALIDATE_PRODUCT = YES;
			};
			name = Release;
		};
		E2D2FF482C17828300B8BDCB /* Debug */ = {
			isa = XCBuildConfiguration;
			buildSettings = {
				ASSETCATALOG_COMPILER_APPICON_NAME = AppIcon;
				ASSETCATALOG_COMPILER_GLOBAL_ACCENT_COLOR_NAME = AccentColor;
				CODE_SIGN_STYLE = Automatic;
				CURRENT_PROJECT_VERSION = 1;
				DEVELOPMENT_TEAM = SD8XJ5V53F;
				GENERATE_INFOPLIST_FILE = YES;
				INFOPLIST_FILE = Neobis_iOS_Calculating/Info.plist;
				INFOPLIST_KEY_UIApplicationSupportsIndirectInputEvents = YES;
				INFOPLIST_KEY_UILaunchStoryboardName = LaunchScreen;
				INFOPLIST_KEY_UISupportedInterfaceOrientations_iPad = "UIInterfaceOrientationPortrait UIInterfaceOrientationPortraitUpsideDown UIInterfaceOrientationLandscapeLeft UIInterfaceOrientationLandscapeRight";
				INFOPLIST_KEY_UISupportedInterfaceOrientations_iPhone = "UIInterfaceOrientationPortrait UIInterfaceOrientationLandscapeLeft UIInterfaceOrientationLandscapeRight";
				LD_RUNPATH_SEARCH_PATHS = (
					"$(inherited)",
					"@executable_path/Frameworks",
				);
				MARKETING_VERSION = 1.0;
				PRODUCT_BUNDLE_IDENTIFIER = "Aida-Abdirakhman.Neobis-iOS-Calculating";
				PRODUCT_NAME = "$(TARGET_NAME)";
				SWIFT_EMIT_LOC_STRINGS = YES;
				SWIFT_VERSION = 5.0;
				TARGETED_DEVICE_FAMILY = "1,2";
			};
			name = Debug;
		};
		E2D2FF492C17828300B8BDCB /* Release */ = {
			isa = XCBuildConfiguration;
			buildSettings = {
				ASSETCATALOG_COMPILER_APPICON_NAME = AppIcon;
				ASSETCATALOG_COMPILER_GLOBAL_ACCENT_COLOR_NAME = AccentColor;
				CODE_SIGN_STYLE = Automatic;
				CURRENT_PROJECT_VERSION = 1;
				DEVELOPMENT_TEAM = SD8XJ5V53F;
				GENERATE_INFOPLIST_FILE = YES;
				INFOPLIST_FILE = Neobis_iOS_Calculating/Info.plist;
				INFOPLIST_KEY_UIApplicationSupportsIndirectInputEvents = YES;
				INFOPLIST_KEY_UILaunchStoryboardName = LaunchScreen;
				INFOPLIST_KEY_UISupportedInterfaceOrientations_iPad = "UIInterfaceOrientationPortrait UIInterfaceOrientationPortraitUpsideDown UIInterfaceOrientationLandscapeLeft UIInterfaceOrientationLandscapeRight";
				INFOPLIST_KEY_UISupportedInterfaceOrientations_iPhone = "UIInterfaceOrientationPortrait UIInterfaceOrientationLandscapeLeft UIInterfaceOrientationLandscapeRight";
				LD_RUNPATH_SEARCH_PATHS = (
					"$(inherited)",
					"@executable_path/Frameworks",
				);
				MARKETING_VERSION = 1.0;
				PRODUCT_BUNDLE_IDENTIFIER = "Aida-Abdirakhman.Neobis-iOS-Calculating";
				PRODUCT_NAME = "$(TARGET_NAME)";
				SWIFT_EMIT_LOC_STRINGS = YES;
				SWIFT_VERSION = 5.0;
				TARGETED_DEVICE_FAMILY = "1,2";
			};
			name = Release;
		};
/* End XCBuildConfiguration section */

/* Begin XCConfigurationList section */
		E2D2FF2E2C17828000B8BDCB /* Build configuration list for PBXProject "Neobis_iOS_Calculating" */ = {
			isa = XCConfigurationList;
			buildConfigurations = (
				E2D2FF452C17828300B8BDCB /* Debug */,
				E2D2FF462C17828300B8BDCB /* Release */,
			);
			defaultConfigurationIsVisible = 0;
			defaultConfigurationName = Release;
		};
		E2D2FF472C17828300B8BDCB /* Build configuration list for PBXNativeTarget "Neobis_iOS_Calculating" */ = {
			isa = XCConfigurationList;
			buildConfigurations = (
				E2D2FF482C17828300B8BDCB /* Debug */,
				E2D2FF492C17828300B8BDCB /* Release */,
			);
			defaultConfigurationIsVisible = 0;
			defaultConfigurationName = Release;
		};
/* End XCConfigurationList section */
	};
	rootObject = E2D2FF2B2C17828000B8BDCB /* Project object */;
}
